// !$*UTF8*$!
{
	archiveVersion = 1;
	classes = {
	};
	objectVersion = 46;
	objects = {

/* Begin PBXBuildFile section */
		2028167B1EA510F600D7D308 /* AppDelegate.swift in Sources */ = {isa = PBXBuildFile; fileRef = 2028167A1EA510F600D7D308 /* AppDelegate.swift */; };
		202816801EA510F600D7D308 /* Main.storyboard in Resources */ = {isa = PBXBuildFile; fileRef = 2028167E1EA510F600D7D308 /* Main.storyboard */; };
		202816821EA510F600D7D308 /* Assets.xcassets in Resources */ = {isa = PBXBuildFile; fileRef = 202816811EA510F600D7D308 /* Assets.xcassets */; };
		202816851EA510F600D7D308 /* LaunchScreen.storyboard in Resources */ = {isa = PBXBuildFile; fileRef = 202816831EA510F600D7D308 /* LaunchScreen.storyboard */; };
		202816B01EA5161A00D7D308 /* SignInViewController.swift in Sources */ = {isa = PBXBuildFile; fileRef = 202816AF1EA5161A00D7D308 /* SignInViewController.swift */; };
		202816B91EA51F5100D7D308 /* GoogleService-Info.plist in Resources */ = {isa = PBXBuildFile; fileRef = 202816B81EA51F5100D7D308 /* GoogleService-Info.plist */; };
		202816BF1EA52BA200D7D308 /* AuthProvider.swift in Sources */ = {isa = PBXBuildFile; fileRef = 202816BE1EA52BA200D7D308 /* AuthProvider.swift */; };
		202816C11EA5672C00D7D308 /* RiderVC.swift in Sources */ = {isa = PBXBuildFile; fileRef = 202816C01EA5672C00D7D308 /* RiderVC.swift */; };
		202816C51EA5707500D7D308 /* DBProvider.swift in Sources */ = {isa = PBXBuildFile; fileRef = 202816C41EA5707500D7D308 /* DBProvider.swift */; };
		202816C71EA5713800D7D308 /* Constants.swift in Sources */ = {isa = PBXBuildFile; fileRef = 202816C61EA5713800D7D308 /* Constants.swift */; };
		F45ADD0355D266745BC9D51C /* Pods_Uber_Rider.framework in Frameworks */ = {isa = PBXBuildFile; fileRef = B7C452D548DFF09C5A779AF2 /* Pods_Uber_Rider.framework */; };
/* End PBXBuildFile section */

/* Begin PBXFileReference section */
		202816771EA510F600D7D308 /* Uber Rider.app */ = {isa = PBXFileReference; explicitFileType = wrapper.application; includeInIndex = 0; path = "Uber Rider.app"; sourceTree = BUILT_PRODUCTS_DIR; };
		2028167A1EA510F600D7D308 /* AppDelegate.swift */ = {isa = PBXFileReference; lastKnownFileType = sourcecode.swift; path = AppDelegate.swift; sourceTree = "<group>"; };
		2028167F1EA510F600D7D308 /* Base */ = {isa = PBXFileReference; lastKnownFileType = file.storyboard; name = Base; path = Base.lproj/Main.storyboard; sourceTree = "<group>"; };
		202816811EA510F600D7D308 /* Assets.xcassets */ = {isa = PBXFileReference; lastKnownFileType = folder.assetcatalog; path = Assets.xcassets; sourceTree = "<group>"; };
		202816841EA510F600D7D308 /* Base */ = {isa = PBXFileReference; lastKnownFileType = file.storyboard; name = Base; path = Base.lproj/LaunchScreen.storyboard; sourceTree = "<group>"; };
		202816861EA510F600D7D308 /* Info.plist */ = {isa = PBXFileReference; lastKnownFileType = text.plist.xml; path = Info.plist; sourceTree = "<group>"; };
		202816AF1EA5161A00D7D308 /* SignInViewController.swift */ = {isa = PBXFileReference; fileEncoding = 4; lastKnownFileType = sourcecode.swift; path = SignInViewController.swift; sourceTree = "<group>"; };
		202816B81EA51F5100D7D308 /* GoogleService-Info.plist */ = {isa = PBXFileReference; fileEncoding = 4; lastKnownFileType = text.plist.xml; path = "GoogleService-Info.plist"; sourceTree = "<group>"; };
		202816BE1EA52BA200D7D308 /* AuthProvider.swift */ = {isa = PBXFileReference; fileEncoding = 4; lastKnownFileType = sourcecode.swift; path = AuthProvider.swift; sourceTree = "<group>"; };
		202816C01EA5672C00D7D308 /* RiderVC.swift */ = {isa = PBXFileReference; fileEncoding = 4; lastKnownFileType = sourcecode.swift; path = RiderVC.swift; sourceTree = "<group>"; };
		202816C41EA5707500D7D308 /* DBProvider.swift */ = {isa = PBXFileReference; fileEncoding = 4; lastKnownFileType = sourcecode.swift; path = DBProvider.swift; sourceTree = "<group>"; };
		202816C61EA5713800D7D308 /* Constants.swift */ = {isa = PBXFileReference; fileEncoding = 4; lastKnownFileType = sourcecode.swift; path = Constants.swift; sourceTree = "<group>"; };
		A573F64FC3B0DBFF6E345A9E /* Pods-Uber Rider.release.xcconfig */ = {isa = PBXFileReference; includeInIndex = 1; lastKnownFileType = text.xcconfig; name = "Pods-Uber Rider.release.xcconfig"; path = "Pods/Target Support Files/Pods-Uber Rider/Pods-Uber Rider.release.xcconfig"; sourceTree = "<group>"; };
		B05239A0FD19B2C45B7E9DBF /* Pods-Uber Rider.debug.xcconfig */ = {isa = PBXFileReference; includeInIndex = 1; lastKnownFileType = text.xcconfig; name = "Pods-Uber Rider.debug.xcconfig"; path = "Pods/Target Support Files/Pods-Uber Rider/Pods-Uber Rider.debug.xcconfig"; sourceTree = "<group>"; };
		B7C452D548DFF09C5A779AF2 /* Pods_Uber_Rider.framework */ = {isa = PBXFileReference; explicitFileType = wrapper.framework; includeInIndex = 0; path = Pods_Uber_Rider.framework; sourceTree = BUILT_PRODUCTS_DIR; };
/* End PBXFileReference section */

/* Begin PBXFrameworksBuildPhase section */
		202816741EA510F600D7D308 /* Frameworks */ = {
			isa = PBXFrameworksBuildPhase;
			buildActionMask = 2147483647;
			files = (
				F45ADD0355D266745BC9D51C /* Pods_Uber_Rider.framework in Frameworks */,
			);
			runOnlyForDeploymentPostprocessing = 0;
		};
/* End PBXFrameworksBuildPhase section */

/* Begin PBXGroup section */
		2028166E1EA510F600D7D308 = {
			isa = PBXGroup;
			children = (
				202816791EA510F600D7D308 /* Uber Rider */,
				202816781EA510F600D7D308 /* Products */,
				20964D87FA7567492E1DD388 /* Pods */,
				9C28C2B2D0911555D923F667 /* Frameworks */,
			);
			sourceTree = "<group>";
		};
		202816781EA510F600D7D308 /* Products */ = {
			isa = PBXGroup;
			children = (
				202816771EA510F600D7D308 /* Uber Rider.app */,
			);
			name = Products;
			sourceTree = "<group>";
		};
		202816791EA510F600D7D308 /* Uber Rider */ = {
			isa = PBXGroup;
			children = (
				202816BD1EA52B9800D7D308 /* Plugins */,
				202816AC1EA515B200D7D308 /* Controller */,
				202816AB1EA515AE00D7D308 /* View */,
				202816AA1EA515A500D7D308 /* Model */,
				2028167A1EA510F600D7D308 /* AppDelegate.swift */,
				2028167E1EA510F600D7D308 /* Main.storyboard */,
				202816811EA510F600D7D308 /* Assets.xcassets */,
				202816831EA510F600D7D308 /* LaunchScreen.storyboard */,
				202816861EA510F600D7D308 /* Info.plist */,
				202816B81EA51F5100D7D308 /* GoogleService-Info.plist */,
			);
			path = "Uber Rider";
			sourceTree = "<group>";
		};
		202816AA1EA515A500D7D308 /* Model */ = {
			isa = PBXGroup;
			children = (
			);
			name = Model;
			sourceTree = "<group>";
		};
		202816AB1EA515AE00D7D308 /* View */ = {
			isa = PBXGroup;
			children = (
			);
			name = View;
			sourceTree = "<group>";
		};
		202816AC1EA515B200D7D308 /* Controller */ = {
			isa = PBXGroup;
			children = (
				202816AF1EA5161A00D7D308 /* SignInViewController.swift */,
				202816C01EA5672C00D7D308 /* RiderVC.swift */,
			);
			name = Controller;
			sourceTree = "<group>";
		};
		202816BD1EA52B9800D7D308 /* Plugins */ = {
			isa = PBXGroup;
			children = (
				202816BE1EA52BA200D7D308 /* AuthProvider.swift */,
				202816C41EA5707500D7D308 /* DBProvider.swift */,
				202816C61EA5713800D7D308 /* Constants.swift */,
			);
			name = Plugins;
			sourceTree = "<group>";
		};
		20964D87FA7567492E1DD388 /* Pods */ = {
			isa = PBXGroup;
			children = (
				B05239A0FD19B2C45B7E9DBF /* Pods-Uber Rider.debug.xcconfig */,
				A573F64FC3B0DBFF6E345A9E /* Pods-Uber Rider.release.xcconfig */,
			);
			name = Pods;
			sourceTree = "<group>";
		};
		9C28C2B2D0911555D923F667 /* Frameworks */ = {
			isa = PBXGroup;
			children = (
				B7C452D548DFF09C5A779AF2 /* Pods_Uber_Rider.framework */,
			);
			name = Frameworks;
			sourceTree = "<group>";
		};
/* End PBXGroup section */

/* Begin PBXNativeTarget section */
		202816761EA510F600D7D308 /* Uber Rider */ = {
			isa = PBXNativeTarget;
			buildConfigurationList = 202816891EA510F600D7D308 /* Build configuration list for PBXNativeTarget "Uber Rider" */;
			buildPhases = (
				4D5CAEE9724C919B7528D565 /* [CP] Check Pods Manifest.lock */,
				202816731EA510F600D7D308 /* Sources */,
				202816741EA510F600D7D308 /* Frameworks */,
				202816751EA510F600D7D308 /* Resources */,
				4A7475432497B9C28031B378 /* [CP] Embed Pods Frameworks */,
				356ADE46ACBF4A852DAEAF86 /* [CP] Copy Pods Resources */,
			);
			buildRules = (
			);
			dependencies = (
			);
			name = "Uber Rider";
			productName = "Uber Rider";
			productReference = 202816771EA510F600D7D308 /* Uber Rider.app */;
			productType = "com.apple.product-type.application";
		};
/* End PBXNativeTarget section */

/* Begin PBXProject section */
		2028166F1EA510F600D7D308 /* Project object */ = {
			isa = PBXProject;
			attributes = {
				LastSwiftUpdateCheck = 0830;
				LastUpgradeCheck = 0830;
				ORGANIZATIONNAME = levellabs;
				TargetAttributes = {
					202816761EA510F600D7D308 = {
						CreatedOnToolsVersion = 8.3.1;
						DevelopmentTeam = 6EY7QDWR2N;
						ProvisioningStyle = Automatic;
					};
				};
			};
			buildConfigurationList = 202816721EA510F600D7D308 /* Build configuration list for PBXProject "Uber Rider" */;
			compatibilityVersion = "Xcode 3.2";
			developmentRegion = English;
			hasScannedForEncodings = 0;
			knownRegions = (
				en,
				Base,
			);
			mainGroup = 2028166E1EA510F600D7D308;
			productRefGroup = 202816781EA510F600D7D308 /* Products */;
			projectDirPath = "";
			projectRoot = "";
			targets = (
				202816761EA510F600D7D308 /* Uber Rider */,
			);
		};
/* End PBXProject section */

/* Begin PBXResourcesBuildPhase section */
		202816751EA510F600D7D308 /* Resources */ = {
			isa = PBXResourcesBuildPhase;
			buildActionMask = 2147483647;
			files = (
				202816851EA510F600D7D308 /* LaunchScreen.storyboard in Resources */,
				202816821EA510F600D7D308 /* Assets.xcassets in Resources */,
				202816B91EA51F5100D7D308 /* GoogleService-Info.plist in Resources */,
				202816801EA510F600D7D308 /* Main.storyboard in Resources */,
			);
			runOnlyForDeploymentPostprocessing = 0;
		};
/* End PBXResourcesBuildPhase section */

/* Begin PBXShellScriptBuildPhase section */
		356ADE46ACBF4A852DAEAF86 /* [CP] Copy Pods Resources */ = {
			isa = PBXShellScriptBuildPhase;
			buildActionMask = 2147483647;
			files = (
			);
			inputPaths = (
			);
			name = "[CP] Copy Pods Resources";
			outputPaths = (
			);
			runOnlyForDeploymentPostprocessing = 0;
			shellPath = /bin/sh;
			shellScript = "\"${SRCROOT}/Pods/Target Support Files/Pods-Uber Rider/Pods-Uber Rider-resources.sh\"\n";
			showEnvVarsInLog = 0;
		};
		4A7475432497B9C28031B378 /* [CP] Embed Pods Frameworks */ = {
			isa = PBXShellScriptBuildPhase;
			buildActionMask = 2147483647;
			files = (
			);
			inputPaths = (
			);
			name = "[CP] Embed Pods Frameworks";
			outputPaths = (
			);
			runOnlyForDeploymentPostprocessing = 0;
			shellPath = /bin/sh;
			shellScript = "\"${SRCROOT}/Pods/Target Support Files/Pods-Uber Rider/Pods-Uber Rider-frameworks.sh\"\n";
			showEnvVarsInLog = 0;
		};
		4D5CAEE9724C919B7528D565 /* [CP] Check Pods Manifest.lock */ = {
			isa = PBXShellScriptBuildPhase;
			buildActionMask = 2147483647;
			files = (
			);
			inputPaths = (
			);
			name = "[CP] Check Pods Manifest.lock";
			outputPaths = (
			);
			runOnlyForDeploymentPostprocessing = 0;
			shellPath = /bin/sh;
			shellScript = "diff \"${PODS_ROOT}/../Podfile.lock\" \"${PODS_ROOT}/Manifest.lock\" > /dev/null\nif [ $? != 0 ] ; then\n    # print error to STDERR\n    echo \"error: The sandbox is not in sync with the Podfile.lock. Run 'pod install' or update your CocoaPods installation.\" >&2\n    exit 1\nfi\n";
			showEnvVarsInLog = 0;
		};
/* End PBXShellScriptBuildPhase section */

/* Begin PBXSourcesBuildPhase section */
		202816731EA510F600D7D308 /* Sources */ = {
			isa = PBXSourcesBuildPhase;
			buildActionMask = 2147483647;
			files = (
				202816BF1EA52BA200D7D308 /* AuthProvider.swift in Sources */,
				202816B01EA5161A00D7D308 /* SignInViewController.swift in Sources */,
				202816C51EA5707500D7D308 /* DBProvider.swift in Sources */,
				2028167B1EA510F600D7D308 /* AppDelegate.swift in Sources */,
				202816C11EA5672C00D7D308 /* RiderVC.swift in Sources */,
				202816C71EA5713800D7D308 /* Constants.swift in Sources */,
			);
			runOnlyForDeploymentPostprocessing = 0;
		};
/* End PBXSourcesBuildPhase section */

/* Begin PBXVariantGroup section */
		2028167E1EA510F600D7D308 /* Main.storyboard */ = {
			isa = PBXVariantGroup;
			children = (
				2028167F1EA510F600D7D308 /* Base */,
			);
			name = Main.storyboard;
			sourceTree = "<group>";
		};
		202816831EA510F600D7D308 /* LaunchScreen.storyboard */ = {
			isa = PBXVariantGroup;
			children = (
				202816841EA510F600D7D308 /* Base */,
			);
			name = LaunchScreen.storyboard;
			sourceTree = "<group>";
		};
/* End PBXVariantGroup section */

/* Begin XCBuildConfiguration section */
		202816871EA510F600D7D308 /* Debug */ = {
			isa = XCBuildConfiguration;
			buildSettings = {
				ALWAYS_SEARCH_USER_PATHS = NO;
				CLANG_ANALYZER_NONNULL = YES;
				CLANG_ANALYZER_NUMBER_OBJECT_CONVERSION = YES_AGGRESSIVE;
				CLANG_CXX_LANGUAGE_STANDARD = "gnu++0x";
				CLANG_CXX_LIBRARY = "libc++";
				CLANG_ENABLE_MODULES = YES;
				CLANG_ENABLE_OBJC_ARC = YES;
				CLANG_WARN_BOOL_CONVERSION = YES;
				CLANG_WARN_CONSTANT_CONVERSION = YES;
				CLANG_WARN_DIRECT_OBJC_ISA_USAGE = YES_ERROR;
				CLANG_WARN_DOCUMENTATION_COMMENTS = YES;
				CLANG_WARN_EMPTY_BODY = YES;
				CLANG_WARN_ENUM_CONVERSION = YES;
				CLANG_WARN_INFINITE_RECURSION = YES;
				CLANG_WARN_INT_CONVERSION = YES;
				CLANG_WARN_OBJC_ROOT_CLASS = YES_ERROR;
				CLANG_WARN_SUSPICIOUS_MOVE = YES;
				CLANG_WARN_UNREACHABLE_CODE = YES;
				CLANG_WARN__DUPLICATE_METHOD_MATCH = YES;
				"CODE_SIGN_IDENTITY[sdk=iphoneos*]" = "iPhone Developer";
				COPY_PHASE_STRIP = NO;
				DEBUG_INFORMATION_FORMAT = dwarf;
				ENABLE_STRICT_OBJC_MSGSEND = YES;
				ENABLE_TESTABILITY = YES;
				GCC_C_LANGUAGE_STANDARD = gnu99;
				GCC_DYNAMIC_NO_PIC = NO;
				GCC_NO_COMMON_BLOCKS = YES;
				GCC_OPTIMIZATION_LEVEL = 0;
				GCC_PREPROCESSOR_DEFINITIONS = (
					"DEBUG=1",
					"$(inherited)",
				);
				GCC_WARN_64_TO_32_BIT_CONVERSION = YES;
				GCC_WARN_ABOUT_RETURN_TYPE = YES_ERROR;
				GCC_WARN_UNDECLARED_SELECTOR = YES;
				GCC_WARN_UNINITIALIZED_AUTOS = YES_AGGRESSIVE;
				GCC_WARN_UNUSED_FUNCTION = YES;
				GCC_WARN_UNUSED_VARIABLE = YES;
				IPHONEOS_DEPLOYMENT_TARGET = 10.3;
				MTL_ENABLE_DEBUG_INFO = YES;
				ONLY_ACTIVE_ARCH = YES;
				SDKROOT = iphoneos;
				SWIFT_ACTIVE_COMPILATION_CONDITIONS = DEBUG;
				SWIFT_OPTIMIZATION_LEVEL = "-Onone";
			};
			name = Debug;
		};
		202816881EA510F600D7D308 /* Release */ = {
			isa = XCBuildConfiguration;
			buildSettings = {
				ALWAYS_SEARCH_USER_PATHS = NO;
				CLANG_ANALYZER_NONNULL = YES;
				CLANG_ANALYZER_NUMBER_OBJECT_CONVERSION = YES_AGGRESSIVE;
				CLANG_CXX_LANGUAGE_STANDARD = "gnu++0x";
				CLANG_CXX_LIBRARY = "libc++";
				CLANG_ENABLE_MODULES = YES;
				CLANG_ENABLE_OBJC_ARC = YES;
				CLANG_WARN_BOOL_CONVERSION = YES;
				CLANG_WARN_CONSTANT_CONVERSION = YES;
				CLANG_WARN_DIRECT_OBJC_ISA_USAGE = YES_ERROR;
				CLANG_WARN_DOCUMENTATION_COMMENTS = YES;
				CLANG_WARN_EMPTY_BODY = YES;
				CLANG_WARN_ENUM_CONVERSION = YES;
				CLANG_WARN_INFINITE_RECURSION = YES;
				CLANG_WARN_INT_CONVERSION = YES;
				CLANG_WARN_OBJC_ROOT_CLASS = YES_ERROR;
				CLANG_WARN_SUSPICIOUS_MOVE = YES;
				CLANG_WARN_UNREACHABLE_CODE = YES;
				CLANG_WARN__DUPLICATE_METHOD_MATCH = YES;
				"CODE_SIGN_IDENTITY[sdk=iphoneos*]" = "iPhone Developer";
				COPY_PHASE_STRIP = NO;
				DEBUG_INFORMATION_FORMAT = "dwarf-with-dsym";
				ENABLE_NS_ASSERTIONS = NO;
				ENABLE_STRICT_OBJC_MSGSEND = YES;
				GCC_C_LANGUAGE_STANDARD = gnu99;
				GCC_NO_COMMON_BLOCKS = YES;
				GCC_WARN_64_TO_32_BIT_CONVERSION = YES;
				GCC_WARN_ABOUT_RETURN_TYPE = YES_ERROR;
				GCC_WARN_UNDECLARED_SELECTOR = YES;
				GCC_WARN_UNINITIALIZED_AUTOS = YES_AGGRESSIVE;
				GCC_WARN_UNUSED_FUNCTION = YES;
				GCC_WARN_UNUSED_VARIABLE = YES;
				IPHONEOS_DEPLOYMENT_TARGET = 10.3;
				MTL_ENABLE_DEBUG_INFO = NO;
				SDKROOT = iphoneos;
				SWIFT_OPTIMIZATION_LEVEL = "-Owholemodule";
				VALIDATE_PRODUCT = YES;
			};
			name = Release;
		};
		2028168A1EA510F600D7D308 /* Debug */ = {
			isa = XCBuildConfiguration;
			baseConfigurationReference = B05239A0FD19B2C45B7E9DBF /* Pods-Uber Rider.debug.xcconfig */;
			buildSettings = {
				ASSETCATALOG_COMPILER_APPICON_NAME = AppIcon;
				DEVELOPMENT_TEAM = 6EY7QDWR2N;
				INFOPLIST_FILE = "Uber Rider/Info.plist";
				LD_RUNPATH_SEARCH_PATHS = "$(inherited) @executable_path/Frameworks";
				PRODUCT_BUNDLE_IDENTIFIER = "com.levellabs.Uber-Rider";
				PRODUCT_NAME = "$(TARGET_NAME)";
				SWIFT_VERSION = 3.0;
			};
			name = Debug;
		};
		2028168B1EA510F600D7D308 /* Release */ = {
			isa = XCBuildConfiguration;
			baseConfigurationReference = A573F64FC3B0DBFF6E345A9E /* Pods-Uber Rider.release.xcconfig */;
			buildSettings = {
				ASSETCATALOG_COMPILER_APPICON_NAME = AppIcon;
				DEVELOPMENT_TEAM = 6EY7QDWR2N;
				INFOPLIST_FILE = "Uber Rider/Info.plist";
				LD_RUNPATH_SEARCH_PATHS = "$(inherited) @executable_path/Frameworks";
				PRODUCT_BUNDLE_IDENTIFIER = "com.levellabs.Uber-Rider";
				PRODUCT_NAME = "$(TARGET_NAME)";
				SWIFT_VERSION = 3.0;
			};
			name = Release;
		};
/* End XCBuildConfiguration section */

/* Begin XCConfigurationList section */
		202816721EA510F600D7D308 /* Build configuration list for PBXProject "Uber Rider" */ = {
			isa = XCConfigurationList;
			buildConfigurations = (
				202816871EA510F600D7D308 /* Debug */,
				202816881EA510F600D7D308 /* Release */,
			);
			defaultConfigurationIsVisible = 0;
			defaultConfigurationName = Release;
		};
		202816891EA510F600D7D308 /* Build configuration list for PBXNativeTarget "Uber Rider" */ = {
			isa = XCConfigurationList;
			buildConfigurations = (
				2028168A1EA510F600D7D308 /* Debug */,
				2028168B1EA510F600D7D308 /* Release */,
			);
			defaultConfigurationIsVisible = 0;
			defaultConfigurationName = Release;
		};
/* End XCConfigurationList section */
	};
	rootObject = 2028166F1EA510F600D7D308 /* Project object */;
}
